// !$*UTF8*$!
{
	archiveVersion = 1;
	classes = {
	};
	objectVersion = 46;
	objects = {

/* Begin PBXBuildFile section */
		9170CC8A219C4D7800FF970D /* RNWowzaPlayer.m in Sources */ = {isa = PBXBuildFile; fileRef = 9170CC89219C4D7800FF970D /* RNWowzaPlayer.m */; };
		9170CC8E219C5CE800FF970D /* RNWowzaPlayerManager.m in Sources */ = {isa = PBXBuildFile; fileRef = 9170CC8D219C5CE800FF970D /* RNWowzaPlayerManager.m */; };
		9170CC93219C814800FF970D /* RCTConvert+WowzaConfig.m in Sources */ = {isa = PBXBuildFile; fileRef = 9170CC92219C814800FF970D /* RCTConvert+WowzaConfig.m */; };
		91B4F6C421A2E224000A5BB2 /* RNWowzaPlayer.m in Sources */ = {isa = PBXBuildFile; fileRef = 9170CC89219C4D7800FF970D /* RNWowzaPlayer.m */; };
		91B4F6C621A2E224000A5BB2 /* RNWowzaPlayerManager.m in Sources */ = {isa = PBXBuildFile; fileRef = 9170CC8D219C5CE800FF970D /* RNWowzaPlayerManager.m */; };
		91B4F6C721A2E224000A5BB2 /* RCTConvert+WowzaConfig.m in Sources */ = {isa = PBXBuildFile; fileRef = 9170CC92219C814800FF970D /* RCTConvert+WowzaConfig.m */; };
		91B4F8C121A6AA39000A5BB2 /* RNWowzaGoCoder.m in Sources */ = {isa = PBXBuildFile; fileRef = 91B4F8BF21A6AA39000A5BB2 /* RNWowzaGoCoder.m */; };
		91B4F8C221A6AA39000A5BB2 /* RNWowzaGoCoder.m in Sources */ = {isa = PBXBuildFile; fileRef = 91B4F8BF21A6AA39000A5BB2 /* RNWowzaGoCoder.m */; };
		91B4F93621A6D49C000A5BB2 /* RCTConvert+WowzaConfig.h in Sources */ = {isa = PBXBuildFile; fileRef = 91B4F93521A6D49C000A5BB2 /* RCTConvert+WowzaConfig.h */; };
		91B4F93721A6D49C000A5BB2 /* RCTConvert+WowzaConfig.h in Sources */ = {isa = PBXBuildFile; fileRef = 91B4F93521A6D49C000A5BB2 /* RCTConvert+WowzaConfig.h */; };
/* End PBXBuildFile section */

/* Begin PBXCopyFilesBuildPhase section */
		070EE2561DDD2F6100BEA62F /* Embed Frameworks */ = {
			isa = PBXCopyFilesBuildPhase;
			buildActionMask = 2147483647;
			dstPath = "";
			dstSubfolderSpec = 10;
			files = (
			);
			name = "Embed Frameworks";
			runOnlyForDeploymentPostprocessing = 0;
		};
		58B511D91A9E6C8500147676 /* CopyFiles */ = {
			isa = PBXCopyFilesBuildPhase;
			buildActionMask = 2147483647;
			dstPath = "include/$(PRODUCT_NAME)";
			dstSubfolderSpec = 16;
			files = (
			);
			runOnlyForDeploymentPostprocessing = 0;
		};
		91B4F6B521A2E195000A5BB2 /* CopyFiles */ = {
			isa = PBXCopyFilesBuildPhase;
			buildActionMask = 2147483647;
			dstPath = "include/$(PRODUCT_NAME)";
			dstSubfolderSpec = 16;
			files = (
			);
			runOnlyForDeploymentPostprocessing = 0;
		};
/* End PBXCopyFilesBuildPhase section */

/* Begin PBXFileReference section */
		134814201AA4EA6300B7C361 /* libRNWowzaPlayer.a */ = {isa = PBXFileReference; explicitFileType = archive.ar; includeInIndex = 0; path = libRNWowzaPlayer.a; sourceTree = BUILT_PRODUCTS_DIR; };
		9170CC89219C4D7800FF970D /* RNWowzaPlayer.m */ = {isa = PBXFileReference; lastKnownFileType = sourcecode.c.objc; path = RNWowzaPlayer.m; sourceTree = "<group>"; };
		9170CC8B219C4DC300FF970D /* RNWowzaPlayer.h */ = {isa = PBXFileReference; lastKnownFileType = sourcecode.c.h; path = RNWowzaPlayer.h; sourceTree = "<group>"; };
		9170CC8C219C5CE800FF970D /* RNWowzaPlayerManager.h */ = {isa = PBXFileReference; lastKnownFileType = sourcecode.c.h; path = RNWowzaPlayerManager.h; sourceTree = "<group>"; };
		9170CC8D219C5CE800FF970D /* RNWowzaPlayerManager.m */ = {isa = PBXFileReference; lastKnownFileType = sourcecode.c.objc; path = RNWowzaPlayerManager.m; sourceTree = "<group>"; };
		9170CC92219C814800FF970D /* RCTConvert+WowzaConfig.m */ = {isa = PBXFileReference; lastKnownFileType = sourcecode.c.objc; path = "RCTConvert+WowzaConfig.m"; sourceTree = "<group>"; };
		91B4F6B721A2E195000A5BB2 /* libRNWowzaPlayer-tvOS.a */ = {isa = PBXFileReference; explicitFileType = archive.ar; includeInIndex = 0; path = "libRNWowzaPlayer-tvOS.a"; sourceTree = BUILT_PRODUCTS_DIR; };
		91B4F8BF21A6AA39000A5BB2 /* RNWowzaGoCoder.m */ = {isa = PBXFileReference; lastKnownFileType = sourcecode.c.objc; path = RNWowzaGoCoder.m; sourceTree = "<group>"; };
		91B4F8C021A6AA39000A5BB2 /* RNWowzaGoCoder.h */ = {isa = PBXFileReference; lastKnownFileType = sourcecode.c.h; path = RNWowzaGoCoder.h; sourceTree = "<group>"; };
		91B4F93521A6D49C000A5BB2 /* RCTConvert+WowzaConfig.h */ = {isa = PBXFileReference; lastKnownFileType = sourcecode.c.h; path = "RCTConvert+WowzaConfig.h"; sourceTree = "<group>"; };
/* End PBXFileReference section */

/* Begin PBXFrameworksBuildPhase section */
		58B511D81A9E6C8500147676 /* Frameworks */ = {
			isa = PBXFrameworksBuildPhase;
			buildActionMask = 2147483647;
			files = (
			);
			runOnlyForDeploymentPostprocessing = 0;
		};
		91B4F6B421A2E195000A5BB2 /* Frameworks */ = {
			isa = PBXFrameworksBuildPhase;
			buildActionMask = 2147483647;
			files = (
			);
			runOnlyForDeploymentPostprocessing = 0;
		};
/* End PBXFrameworksBuildPhase section */

/* Begin PBXGroup section */
		134814211AA4EA7D00B7C361 /* Products */ = {
			isa = PBXGroup;
			children = (
				134814201AA4EA6300B7C361 /* libRNWowzaPlayer.a */,
			);
			name = Products;
			sourceTree = "<group>";
		};
		58B511D21A9E6C8500147676 = {
			isa = PBXGroup;
			children = (
				91B4F8C021A6AA39000A5BB2 /* RNWowzaGoCoder.h */,
				91B4F8BF21A6AA39000A5BB2 /* RNWowzaGoCoder.m */,
				9170CC8B219C4DC300FF970D /* RNWowzaPlayer.h */,
				9170CC89219C4D7800FF970D /* RNWowzaPlayer.m */,
				9170CC8C219C5CE800FF970D /* RNWowzaPlayerManager.h */,
				9170CC8D219C5CE800FF970D /* RNWowzaPlayerManager.m */,
				91B4F93521A6D49C000A5BB2 /* RCTConvert+WowzaConfig.h */,
				9170CC92219C814800FF970D /* RCTConvert+WowzaConfig.m */,
				134814211AA4EA7D00B7C361 /* Products */,
				91B4F6B721A2E195000A5BB2 /* libRNWowzaPlayer-tvOS.a */,
			);
			sourceTree = "<group>";
		};
/* End PBXGroup section */

/* Begin PBXNativeTarget section */
		58B511DA1A9E6C8500147676 /* RNWowzaPlayer */ = {
			isa = PBXNativeTarget;
			buildConfigurationList = 58B511EF1A9E6C8500147676 /* Build configuration list for PBXNativeTarget "RNWowzaPlayer" */;
			buildPhases = (
				58B511D71A9E6C8500147676 /* Sources */,
				58B511D81A9E6C8500147676 /* Frameworks */,
				58B511D91A9E6C8500147676 /* CopyFiles */,
				070EE2561DDD2F6100BEA62F /* Embed Frameworks */,
			);
			buildRules = (
			);
			dependencies = (
			);
			name = RNWowzaPlayer;
			productName = RCTDataManager;
			productReference = 134814201AA4EA6300B7C361 /* libRNWowzaPlayer.a */;
			productType = "com.apple.product-type.library.static";
		};
		91B4F6B621A2E195000A5BB2 /* RNWowzaPlayer-tvOS */ = {
			isa = PBXNativeTarget;
			buildConfigurationList = 91B4F6BD21A2E195000A5BB2 /* Build configuration list for PBXNativeTarget "RNWowzaPlayer-tvOS" */;
			buildPhases = (
				91B4F6B321A2E195000A5BB2 /* Sources */,
				91B4F6B421A2E195000A5BB2 /* Frameworks */,
				91B4F6B521A2E195000A5BB2 /* CopyFiles */,
			);
			buildRules = (
			);
			dependencies = (
			);
			name = "RNWowzaPlayer-tvOS";
			productName = "RNWowzaGoCoder-tvOS";
			productReference = 91B4F6B721A2E195000A5BB2 /* libRNWowzaPlayer-tvOS.a */;
			productType = "com.apple.product-type.library.static";
		};
/* End PBXNativeTarget section */

/* Begin PBXProject section */
		58B511D31A9E6C8500147676 /* Project object */ = {
			isa = PBXProject;
			attributes = {
				DefaultBuildSystemTypeForWorkspace = Original;
				LastUpgradeCheck = 0610;
				ORGANIZATIONNAME = Facebook;
				TargetAttributes = {
					58B511DA1A9E6C8500147676 = {
						CreatedOnToolsVersion = 6.1.1;
					};
					91B4F6B621A2E195000A5BB2 = {
						CreatedOnToolsVersion = 10.1;
						ProvisioningStyle = Automatic;
					};
				};
			};
			buildConfigurationList = 58B511D61A9E6C8500147676 /* Build configuration list for PBXProject "RNWowzaPlayer" */;
			compatibilityVersion = "Xcode 3.2";
			developmentRegion = English;
			hasScannedForEncodings = 0;
			knownRegions = (
				en,
				Base,
			);
			mainGroup = 58B511D21A9E6C8500147676;
			productRefGroup = 58B511D21A9E6C8500147676;
			projectDirPath = "";
			projectRoot = "";
			targets = (
				58B511DA1A9E6C8500147676 /* RNWowzaPlayer */,
				91B4F6B621A2E195000A5BB2 /* RNWowzaPlayer-tvOS */,
			);
		};
/* End PBXProject section */

/* Begin PBXSourcesBuildPhase section */
		58B511D71A9E6C8500147676 /* Sources */ = {
			isa = PBXSourcesBuildPhase;
			buildActionMask = 2147483647;
			files = (
				91B4F93621A6D49C000A5BB2 /* RCTConvert+WowzaConfig.h in Sources */,
				9170CC93219C814800FF970D /* RCTConvert+WowzaConfig.m in Sources */,
				9170CC8A219C4D7800FF970D /* RNWowzaPlayer.m in Sources */,
				91B4F8C121A6AA39000A5BB2 /* RNWowzaGoCoder.m in Sources */,
				9170CC8E219C5CE800FF970D /* RNWowzaPlayerManager.m in Sources */,
			);
			runOnlyForDeploymentPostprocessing = 0;
		};
		91B4F6B321A2E195000A5BB2 /* Sources */ = {
			isa = PBXSourcesBuildPhase;
			buildActionMask = 2147483647;
			files = (
				91B4F93721A6D49C000A5BB2 /* RCTConvert+WowzaConfig.h in Sources */,
				91B4F6C421A2E224000A5BB2 /* RNWowzaPlayer.m in Sources */,
				91B4F6C621A2E224000A5BB2 /* RNWowzaPlayerManager.m in Sources */,
				91B4F8C221A6AA39000A5BB2 /* RNWowzaGoCoder.m in Sources */,
				91B4F6C721A2E224000A5BB2 /* RCTConvert+WowzaConfig.m in Sources */,
			);
			runOnlyForDeploymentPostprocessing = 0;
		};
/* End PBXSourcesBuildPhase section */

/* Begin XCBuildConfiguration section */
		58B511ED1A9E6C8500147676 /* Debug */ = {
			isa = XCBuildConfiguration;
			buildSettings = {
				ALWAYS_SEARCH_USER_PATHS = NO;
				CLANG_CXX_LANGUAGE_STANDARD = "gnu++0x";
				CLANG_CXX_LIBRARY = "libc++";
				CLANG_ENABLE_MODULES = YES;
				CLANG_ENABLE_OBJC_ARC = YES;
				CLANG_WARN_BOOL_CONVERSION = YES;
				CLANG_WARN_CONSTANT_CONVERSION = YES;
				CLANG_WARN_DIRECT_OBJC_ISA_USAGE = YES_ERROR;
				CLANG_WARN_EMPTY_BODY = YES;
				CLANG_WARN_ENUM_CONVERSION = YES;
				CLANG_WARN_INT_CONVERSION = YES;
				CLANG_WARN_OBJC_ROOT_CLASS = YES_ERROR;
				CLANG_WARN_UNREACHABLE_CODE = YES;
				CLANG_WARN__DUPLICATE_METHOD_MATCH = YES;
				COPY_PHASE_STRIP = NO;
				ENABLE_STRICT_OBJC_MSGSEND = YES;
				GCC_C_LANGUAGE_STANDARD = gnu99;
				GCC_DYNAMIC_NO_PIC = NO;
				GCC_OPTIMIZATION_LEVEL = 0;
				GCC_PREPROCESSOR_DEFINITIONS = (
					"DEBUG=1",
					"$(inherited)",
				);
				GCC_SYMBOLS_PRIVATE_EXTERN = NO;
				GCC_WARN_64_TO_32_BIT_CONVERSION = YES;
				GCC_WARN_ABOUT_RETURN_TYPE = YES_ERROR;
				GCC_WARN_UNDECLARED_SELECTOR = YES;
				GCC_WARN_UNINITIALIZED_AUTOS = YES_AGGRESSIVE;
				GCC_WARN_UNUSED_FUNCTION = YES;
				GCC_WARN_UNUSED_VARIABLE = YES;
				IPHONEOS_DEPLOYMENT_TARGET = 7.0;
				MTL_ENABLE_DEBUG_INFO = YES;
				ONLY_ACTIVE_ARCH = YES;
				SDKROOT = iphoneos;
			};
			name = Debug;
		};
		58B511EE1A9E6C8500147676 /* Release */ = {
			isa = XCBuildConfiguration;
			buildSettings = {
				ALWAYS_SEARCH_USER_PATHS = NO;
				CLANG_CXX_LANGUAGE_STANDARD = "gnu++0x";
				CLANG_CXX_LIBRARY = "libc++";
				CLANG_ENABLE_MODULES = YES;
				CLANG_ENABLE_OBJC_ARC = YES;
				CLANG_WARN_BOOL_CONVERSION = YES;
				CLANG_WARN_CONSTANT_CONVERSION = YES;
				CLANG_WARN_DIRECT_OBJC_ISA_USAGE = YES_ERROR;
				CLANG_WARN_EMPTY_BODY = YES;
				CLANG_WARN_ENUM_CONVERSION = YES;
				CLANG_WARN_INT_CONVERSION = YES;
				CLANG_WARN_OBJC_ROOT_CLASS = YES_ERROR;
				CLANG_WARN_UNREACHABLE_CODE = YES;
				CLANG_WARN__DUPLICATE_METHOD_MATCH = YES;
				COPY_PHASE_STRIP = YES;
				ENABLE_NS_ASSERTIONS = NO;
				ENABLE_STRICT_OBJC_MSGSEND = YES;
				GCC_C_LANGUAGE_STANDARD = gnu99;
				GCC_WARN_64_TO_32_BIT_CONVERSION = YES;
				GCC_WARN_ABOUT_RETURN_TYPE = YES_ERROR;
				GCC_WARN_UNDECLARED_SELECTOR = YES;
				GCC_WARN_UNINITIALIZED_AUTOS = YES_AGGRESSIVE;
				GCC_WARN_UNUSED_FUNCTION = YES;
				GCC_WARN_UNUSED_VARIABLE = YES;
				IPHONEOS_DEPLOYMENT_TARGET = 7.0;
				MTL_ENABLE_DEBUG_INFO = NO;
				SDKROOT = iphoneos;
				VALIDATE_PRODUCT = YES;
			};
			name = Release;
		};
		58B511F01A9E6C8500147676 /* Debug */ = {
			isa = XCBuildConfiguration;
			buildSettings = {
				FRAMEWORK_SEARCH_PATHS = (
					"$(inherited)",
					"$(PROJECT_DIR)",
				);
				HEADER_SEARCH_PATHS = (
					"$(inherited)",
					/Applications/Xcode.app/Contents/Developer/Toolchains/XcodeDefault.xctoolchain/usr/include,
					"$(SRCROOT)/../example/ios/WowzaGoCoderSDK.framework/Headers",
					"$(SRCROOT)/../../../ios/WowzaGoCoderSDK",
					"$(SRCROOT)/../../../ios/wowzagocoder_static_lib/headers",
				);
				LIBRARY_SEARCH_PATHS = "$(inherited)";
				OTHER_LDFLAGS = "-ObjC";
				PRODUCT_NAME = RNWowzaPlayer;
				SKIP_INSTALL = YES;
			};
			name = Debug;
		};
		58B511F11A9E6C8500147676 /* Release */ = {
			isa = XCBuildConfiguration;
			buildSettings = {
				FRAMEWORK_SEARCH_PATHS = (
					"$(inherited)",
					"$(PROJECT_DIR)",
				);
				HEADER_SEARCH_PATHS = (
					"$(inherited)",
					/Applications/Xcode.app/Contents/Developer/Toolchains/XcodeDefault.xctoolchain/usr/include,
					"$(SRCROOT)/../example/ios/WowzaGoCoderSDK.framework/Headers",
					"$(SRCROOT)/../../../ios/WowzaGoCoderSDK",
					"$(SRCROOT)/../../../ios/wowzagocoder_static_lib/headers",
				);
				LIBRARY_SEARCH_PATHS = "$(inherited)";
				OTHER_LDFLAGS = "-ObjC";
				PRODUCT_NAME = RNWowzaPlayer;
				SKIP_INSTALL = YES;
			};
			name = Release;
		};
		91B4F6BE21A2E195000A5BB2 /* Debug */ = {
			isa = XCBuildConfiguration;
			buildSettings = {
				CLANG_ANALYZER_NONNULL = YES;
				CLANG_ANALYZER_NUMBER_OBJECT_CONVERSION = YES_AGGRESSIVE;
				CLANG_CXX_LANGUAGE_STANDARD = "gnu++14";
				CLANG_ENABLE_OBJC_WEAK = YES;
				CLANG_WARN_BLOCK_CAPTURE_AUTORELEASING = YES;
				CLANG_WARN_COMMA = YES;
				CLANG_WARN_DEPRECATED_OBJC_IMPLEMENTATIONS = YES;
				CLANG_WARN_DOCUMENTATION_COMMENTS = YES;
				CLANG_WARN_INFINITE_RECURSION = YES;
				CLANG_WARN_NON_LITERAL_NULL_CONVERSION = YES;
				CLANG_WARN_OBJC_IMPLICIT_RETAIN_SELF = YES;
				CLANG_WARN_OBJC_LITERAL_CONVERSION = YES;
				CLANG_WARN_RANGE_LOOP_ANALYSIS = YES;
				CLANG_WARN_STRICT_PROTOTYPES = YES;
				CLANG_WARN_SUSPICIOUS_MOVE = YES;
				CLANG_WARN_UNGUARDED_AVAILABILITY = YES_AGGRESSIVE;
				CODE_SIGN_STYLE = Automatic;
				DEBUG_INFORMATION_FORMAT = dwarf;
				ENABLE_TESTABILITY = YES;
				GCC_C_LANGUAGE_STANDARD = gnu11;
				GCC_NO_COMMON_BLOCKS = YES;
				HEADER_SEARCH_PATHS = "$(SRCROOT)/../example/ios/WowzaGoCoderSDK.framework/Headers";
				MTL_ENABLE_DEBUG_INFO = INCLUDE_SOURCE;
				MTL_FAST_MATH = YES;
				OTHER_LDFLAGS = "-ObjC";
				PRODUCT_NAME = "$(TARGET_NAME)";
				SDKROOT = appletvos;
				SKIP_INSTALL = YES;
				TARGETED_DEVICE_FAMILY = 3;
			};
			name = Debug;
		};
		91B4F6BF21A2E195000A5BB2 /* Release */ = {
			isa = XCBuildConfiguration;
			buildSettings = {
				CLANG_ANALYZER_NONNULL = YES;
				CLANG_ANALYZER_NUMBER_OBJECT_CONVERSION = YES_AGGRESSIVE;
				CLANG_CXX_LANGUAGE_STANDARD = "gnu++14";
				CLANG_ENABLE_OBJC_WEAK = YES;
				CLANG_WARN_BLOCK_CAPTURE_AUTORELEASING = YES;
				CLANG_WARN_COMMA = YES;
				CLANG_WARN_DEPRECATED_OBJC_IMPLEMENTATIONS = YES;
				CLANG_WARN_DOCUMENTATION_COMMENTS = YES;
				CLANG_WARN_INFINITE_RECURSION = YES;
				CLANG_WARN_NON_LITERAL_NULL_CONVERSION = YES;
				CLANG_WARN_OBJC_IMPLICIT_RETAIN_SELF = YES;
				CLANG_WARN_OBJC_LITERAL_CONVERSION = YES;
				CLANG_WARN_RANGE_LOOP_ANALYSIS = YES;
				CLANG_WARN_STRICT_PROTOTYPES = YES;
				CLANG_WARN_SUSPICIOUS_MOVE = YES;
				CLANG_WARN_UNGUARDED_AVAILABILITY = YES_AGGRESSIVE;
				CODE_SIGN_STYLE = Automatic;
				COPY_PHASE_STRIP = NO;
				DEBUG_INFORMATION_FORMAT = "dwarf-with-dsym";
				GCC_C_LANGUAGE_STANDARD = gnu11;
				GCC_NO_COMMON_BLOCKS = YES;
				HEADER_SEARCH_PATHS = "$(SRCROOT)/../example/ios/WowzaGoCoderSDK.framework/Headers";
				MTL_FAST_MATH = YES;
				OTHER_LDFLAGS = "-ObjC";
				PRODUCT_NAME = "$(TARGET_NAME)";
				SDKROOT = appletvos;
				SKIP_INSTALL = YES;
				TARGETED_DEVICE_FAMILY = 3;
			};
			name = Release;
		};
/* End XCBuildConfiguration section */

/* Begin XCConfigurationList section */
		58B511D61A9E6C8500147676 /* Build configuration list for PBXProject "RNWowzaPlayer" */ = {
			isa = XCConfigurationList;
			buildConfigurations = (
				58B511ED1A9E6C8500147676 /* Debug */,
				58B511EE1A9E6C8500147676 /* Release */,
			);
			defaultConfigurationIsVisible = 0;
			defaultConfigurationName = Release;
		};
		58B511EF1A9E6C8500147676 /* Build configuration list for PBXNativeTarget "RNWowzaPlayer" */ = {
			isa = XCConfigurationList;
			buildConfigurations = (
				58B511F01A9E6C8500147676 /* Debug */,
				58B511F11A9E6C8500147676 /* Release */,
			);
			defaultConfigurationIsVisible = 0;
			defaultConfigurationName = Release;
		};
		91B4F6BD21A2E195000A5BB2 /* Build configuration list for PBXNativeTarget "RNWowzaPlayer-tvOS" */ = {
			isa = XCConfigurationList;
			buildConfigurations = (
				91B4F6BE21A2E195000A5BB2 /* Debug */,
				91B4F6BF21A2E195000A5BB2 /* Release */,
			);
			defaultConfigurationIsVisible = 0;
			defaultConfigurationName = Release;
		};
/* End XCConfigurationList section */
	};
	rootObject = 58B511D31A9E6C8500147676 /* Project object */;
}
